
Microsoft Visual Studio Solution File, Format Version 12.00
# Visual Studio Version 17
VisualStudioVersion = 17.4.33205.214
MinimumVisualStudioVersion = 10.0.40219.1
Project("{9A19103F-16F7-4668-BE54-9A1E7A4F7556}") = "MyShcool", "MyShcool.csproj", "{D7C05CBD-5E76-4133-A795-AB85AD3C7887}"
EndProject
Global
	GlobalSection(SolutionConfigurationPlatforms) = preSolution
		Debug|Any CPU = Debug|Any CPU
		Release|Any CPU = Release|Any CPU
	EndGlobalSection
	GlobalSection(ProjectConfigurationPlatforms) = postSolution
		{D7C05CBD-5E76-4133-A795-AB85AD3C7887}.Debug|Any CPU.ActiveCfg = Debug|Any CPU
		{D7C05CBD-5E76-4133-A795-AB85AD3C7887}.Debug|Any CPU.Build.0 = Debug|Any CPU
		{D7C05CBD-5E76-4133-A795-AB85AD3C7887}.Release|Any CPU.ActiveCfg = Release|Any CPU
		{D7C05CBD-5E76-4133-A795-AB85AD3C7887}.Release|Any CPU.Build.0 = Release|Any CPU
	EndGlobalSection
	GlobalSection(SolutionProperties) = preSolution
		HideSolutionNode = FALSE
	EndGlobalSection
	GlobalSection(ExtensibilityGlobals) = postSolution
		SolutionGuid = {A575D856-4EA7-49A1-AC5B-2A7C4E640E9B}
	EndGlobalSection
EndGlobal
